
Microsoft Visual Studio Solution File, Format Version 12.00
# Visual Studio Version 17
VisualStudioVersion = 17.0.32014.148
MinimumVisualStudioVersion = 10.0.40219.1
Project("{9A19103F-16F7-4668-BE54-9A1E7A4F7556}") = "ByteBank.SistemaAgencia", "ByteBank.SistemaAgencia\ByteBank.SistemaAgencia.csproj", "{4FB7ABBE-0052-4760-9DBD-BC962A02BAA0}"
EndProject
Project("{FAE04EC0-301F-11D3-BF4B-00C04F79EFBC}") = "ByteBank.Modelos", "ByteBank.Modelos\ByteBank.Modelos.csproj", "{E505242C-449E-461E-8B7E-2E57712F9EB5}"
EndProject
Global
	GlobalSection(SolutionConfigurationPlatforms) = preSolution
		Debug|Any CPU = Debug|Any CPU
		Release|Any CPU = Release|Any CPU
	EndGlobalSection
	GlobalSection(ProjectConfigurationPlatforms) = postSolution
		{4FB7ABBE-0052-4760-9DBD-BC962A02BAA0}.Debug|Any CPU.ActiveCfg = Debug|Any CPU
		{4FB7ABBE-0052-4760-9DBD-BC962A02BAA0}.Debug|Any CPU.Build.0 = Debug|Any CPU
		{4FB7ABBE-0052-4760-9DBD-BC962A02BAA0}.Release|Any CPU.ActiveCfg = Release|Any CPU
		{4FB7ABBE-0052-4760-9DBD-BC962A02BAA0}.Release|Any CPU.Build.0 = Release|Any CPU
		{E505242C-449E-461E-8B7E-2E57712F9EB5}.Debug|Any CPU.ActiveCfg = Debug|Any CPU
		{E505242C-449E-461E-8B7E-2E57712F9EB5}.Debug|Any CPU.Build.0 = Debug|Any CPU
		{E505242C-449E-461E-8B7E-2E57712F9EB5}.Release|Any CPU.ActiveCfg = Release|Any CPU
		{E505242C-449E-461E-8B7E-2E57712F9EB5}.Release|Any CPU.Build.0 = Release|Any CPU
	EndGlobalSection
	GlobalSection(SolutionProperties) = preSolution
		HideSolutionNode = FALSE
	EndGlobalSection
	GlobalSection(ExtensibilityGlobals) = postSolution
		SolutionGuid = {4AA905A4-240A-4466-AA09-D1CFEC6C14CD}
	EndGlobalSection
EndGlobal
