
Microsoft Visual Studio Solution File, Format Version 12.00
# Visual Studio Version 17
VisualStudioVersion = 17.0.32014.148
MinimumVisualStudioVersion = 10.0.40219.1
Project("{FAE04EC0-301F-11D3-BF4B-00C04F79EFBC}") = "UploadToAzureBlobStorage", "UploadToAzureBlobStorage\UploadToAzureBlobStorage.csproj", "{1DB22F54-4D5F-4313-80B0-4972E468E267}"
EndProject
Global
	GlobalSection(SolutionConfigurationPlatforms) = preSolution
		Debug|Any CPU = Debug|Any CPU
		Release|Any CPU = Release|Any CPU
	EndGlobalSection
	GlobalSection(ProjectConfigurationPlatforms) = postSolution
		{1DB22F54-4D5F-4313-80B0-4972E468E267}.Debug|Any CPU.ActiveCfg = Debug|Any CPU
		{1DB22F54-4D5F-4313-80B0-4972E468E267}.Debug|Any CPU.Build.0 = Debug|Any CPU
		{1DB22F54-4D5F-4313-80B0-4972E468E267}.Release|Any CPU.ActiveCfg = Release|Any CPU
		{1DB22F54-4D5F-4313-80B0-4972E468E267}.Release|Any CPU.Build.0 = Release|Any CPU
	EndGlobalSection
	GlobalSection(SolutionProperties) = preSolution
		HideSolutionNode = FALSE
	EndGlobalSection
	GlobalSection(ExtensibilityGlobals) = postSolution
		SolutionGuid = {2B471064-87B6-48EB-A15F-CF03BF7A3083}
	EndGlobalSection
EndGlobal
